
Microsoft Visual Studio Solution File, Format Version 12.00
# Visual Studio Version 17
VisualStudioVersion = 17.0.31903.59
MinimumVisualStudioVersion = 10.0.40219.1
Project("{2150E333-8FDC-42A3-9474-1A3956D46DE8}") = "src", "src", "{E6A9F822-4D35-4C26-AC4F-7FE436B3461E}"
EndProject
Project("{2150E333-8FDC-42A3-9474-1A3956D46DE8}") = "tests", "tests", "{95A177CE-9B4C-4BD9-ACB0-BCFD983D5C5C}"
EndProject
Project("{9A19103F-16F7-4668-BE54-9A1E7A4F7556}") = "Core.DomainTest", "test\DomainTest\Core.DomainTest.csproj", "{E9C99C5C-DC59-4BF3-BC5A-1E7D47AA2EDE}"
EndProject
Project("{2150E333-8FDC-42A3-9474-1A3956D46DE8}") = "core", "core", "{25F780DC-5E18-4C05-B461-1297D8FC67C9}"
EndProject
Project("{9A19103F-16F7-4668-BE54-9A1E7A4F7556}") = "Domain", "src\core\Domain\Domain.csproj", "{93DCE707-053B-4B33-9C38-013AA0B22CCA}"
EndProject
Project("{2150E333-8FDC-42A3-9474-1A3956D46DE8}") = "adapter", "adapter", "{41A8DAF9-E7A4-4779-A19E-5C8CC6233038}"
EndProject
Project("{9A19103F-16F7-4668-BE54-9A1E7A4F7556}") = "Core.ApplicationTest", "test\ApplicationTest\Core.ApplicationTest.csproj", "{5EFBF276-AF5F-4DB5-9EDD-D6D30AEC5B49}"
EndProject
Project("{2150E333-8FDC-42A3-9474-1A3956D46DE8}") = "driver", "driver", "{8A24EC1F-DAB0-4B98-A10D-9F4418BD6FC9}"
EndProject
Project("{9A19103F-16F7-4668-BE54-9A1E7A4F7556}") = "Application", "src\core\Application\Application.csproj", "{AA32605C-9D76-433D-B37C-AB0838898F99}"
EndProject
Project("{2150E333-8FDC-42A3-9474-1A3956D46DE8}") = "driven", "driven", "{14BF8403-2537-415B-9B7C-724C9D4A6001}"
EndProject
Project("{9A19103F-16F7-4668-BE54-9A1E7A4F7556}") = "Persistence", "src\adapter\driven\Infrastructure\Persistence.csproj", "{31B4BB66-852C-4338-AE54-86C75C65DB99}"
EndProject
Project("{9A19103F-16F7-4668-BE54-9A1E7A4F7556}") = "ArchitectureTest", "test\ArchitectureTest\ArchitectureTest.csproj", "{91D9D240-E9DA-45C8-9DCA-22BCD2E4E034}"
EndProject
Project("{2150E333-8FDC-42A3-9474-1A3956D46DE8}") = "database", "database", "{041D382F-BBCA-48BF-970C-40D4C849CD51}"
	ProjectSection(SolutionItems) = preProject
		1.0.0.0.sql = 1.0.0.0.sql
		database\Dockerfile = database\Dockerfile
		database\flyway.conf = database\flyway.conf
	EndProjectSection
EndProject
Project("{FAE04EC0-301F-11D3-BF4B-00C04F79EFBC}") = "Application.Abstraction", "src\core\Application.Abstraction\Application.Abstraction.csproj", "{DBBBCA9F-C602-424C-8450-E0DF6B55EEBB}"
EndProject
Project("{2150E333-8FDC-42A3-9474-1A3956D46DE8}") = "docs", "docs", "{6AF7C00A-0579-4325-962B-BBCC329DB861}"
	ProjectSection(SolutionItems) = preProject
		docs\README.md = docs\README.md
	EndProjectSection
EndProject
Project("{9A19103F-16F7-4668-BE54-9A1E7A4F7556}") = "API", "src\api\API.csproj", "{9DB1D2A1-1D9D-4D40-BBA0-E3DEF2D4B48A}"
EndProject
Project("{9A19103F-16F7-4668-BE54-9A1E7A4F7556}") = "Controller", "src\adapter\driver\Controller\Controller.csproj", "{D1F19EF0-A257-47D2-9E9A-38330CDE2F9A}"
EndProject
Global
	GlobalSection(SolutionConfigurationPlatforms) = preSolution
		Debug|Any CPU = Debug|Any CPU
		Release|Any CPU = Release|Any CPU
	EndGlobalSection
	GlobalSection(ProjectConfigurationPlatforms) = postSolution
		{E9C99C5C-DC59-4BF3-BC5A-1E7D47AA2EDE}.Debug|Any CPU.ActiveCfg = Debug|Any CPU
		{E9C99C5C-DC59-4BF3-BC5A-1E7D47AA2EDE}.Debug|Any CPU.Build.0 = Debug|Any CPU
		{E9C99C5C-DC59-4BF3-BC5A-1E7D47AA2EDE}.Release|Any CPU.ActiveCfg = Release|Any CPU
		{E9C99C5C-DC59-4BF3-BC5A-1E7D47AA2EDE}.Release|Any CPU.Build.0 = Release|Any CPU
		{93DCE707-053B-4B33-9C38-013AA0B22CCA}.Debug|Any CPU.ActiveCfg = Debug|Any CPU
		{93DCE707-053B-4B33-9C38-013AA0B22CCA}.Debug|Any CPU.Build.0 = Debug|Any CPU
		{93DCE707-053B-4B33-9C38-013AA0B22CCA}.Release|Any CPU.ActiveCfg = Release|Any CPU
		{93DCE707-053B-4B33-9C38-013AA0B22CCA}.Release|Any CPU.Build.0 = Release|Any CPU
		{5EFBF276-AF5F-4DB5-9EDD-D6D30AEC5B49}.Debug|Any CPU.ActiveCfg = Debug|Any CPU
		{5EFBF276-AF5F-4DB5-9EDD-D6D30AEC5B49}.Debug|Any CPU.Build.0 = Debug|Any CPU
		{5EFBF276-AF5F-4DB5-9EDD-D6D30AEC5B49}.Release|Any CPU.ActiveCfg = Release|Any CPU
		{5EFBF276-AF5F-4DB5-9EDD-D6D30AEC5B49}.Release|Any CPU.Build.0 = Release|Any CPU
		{AA32605C-9D76-433D-B37C-AB0838898F99}.Debug|Any CPU.ActiveCfg = Debug|Any CPU
		{AA32605C-9D76-433D-B37C-AB0838898F99}.Debug|Any CPU.Build.0 = Debug|Any CPU
		{AA32605C-9D76-433D-B37C-AB0838898F99}.Release|Any CPU.ActiveCfg = Release|Any CPU
		{AA32605C-9D76-433D-B37C-AB0838898F99}.Release|Any CPU.Build.0 = Release|Any CPU
		{31B4BB66-852C-4338-AE54-86C75C65DB99}.Debug|Any CPU.ActiveCfg = Debug|Any CPU
		{31B4BB66-852C-4338-AE54-86C75C65DB99}.Debug|Any CPU.Build.0 = Debug|Any CPU
		{31B4BB66-852C-4338-AE54-86C75C65DB99}.Release|Any CPU.ActiveCfg = Release|Any CPU
		{31B4BB66-852C-4338-AE54-86C75C65DB99}.Release|Any CPU.Build.0 = Release|Any CPU
		{91D9D240-E9DA-45C8-9DCA-22BCD2E4E034}.Debug|Any CPU.ActiveCfg = Debug|Any CPU
		{91D9D240-E9DA-45C8-9DCA-22BCD2E4E034}.Debug|Any CPU.Build.0 = Debug|Any CPU
		{91D9D240-E9DA-45C8-9DCA-22BCD2E4E034}.Release|Any CPU.ActiveCfg = Release|Any CPU
		{91D9D240-E9DA-45C8-9DCA-22BCD2E4E034}.Release|Any CPU.Build.0 = Release|Any CPU
		{DBBBCA9F-C602-424C-8450-E0DF6B55EEBB}.Debug|Any CPU.ActiveCfg = Debug|Any CPU
		{DBBBCA9F-C602-424C-8450-E0DF6B55EEBB}.Debug|Any CPU.Build.0 = Debug|Any CPU
		{DBBBCA9F-C602-424C-8450-E0DF6B55EEBB}.Release|Any CPU.ActiveCfg = Release|Any CPU
		{DBBBCA9F-C602-424C-8450-E0DF6B55EEBB}.Release|Any CPU.Build.0 = Release|Any CPU
		{9DB1D2A1-1D9D-4D40-BBA0-E3DEF2D4B48A}.Debug|Any CPU.ActiveCfg = Debug|Any CPU
		{9DB1D2A1-1D9D-4D40-BBA0-E3DEF2D4B48A}.Debug|Any CPU.Build.0 = Debug|Any CPU
		{9DB1D2A1-1D9D-4D40-BBA0-E3DEF2D4B48A}.Release|Any CPU.ActiveCfg = Release|Any CPU
		{9DB1D2A1-1D9D-4D40-BBA0-E3DEF2D4B48A}.Release|Any CPU.Build.0 = Release|Any CPU
		{D1F19EF0-A257-47D2-9E9A-38330CDE2F9A}.Debug|Any CPU.ActiveCfg = Debug|Any CPU
		{D1F19EF0-A257-47D2-9E9A-38330CDE2F9A}.Debug|Any CPU.Build.0 = Debug|Any CPU
		{D1F19EF0-A257-47D2-9E9A-38330CDE2F9A}.Release|Any CPU.ActiveCfg = Release|Any CPU
		{D1F19EF0-A257-47D2-9E9A-38330CDE2F9A}.Release|Any CPU.Build.0 = Release|Any CPU
	EndGlobalSection
	GlobalSection(SolutionProperties) = preSolution
		HideSolutionNode = FALSE
	EndGlobalSection
	GlobalSection(NestedProjects) = preSolution
		{E9C99C5C-DC59-4BF3-BC5A-1E7D47AA2EDE} = {95A177CE-9B4C-4BD9-ACB0-BCFD983D5C5C}
		{25F780DC-5E18-4C05-B461-1297D8FC67C9} = {E6A9F822-4D35-4C26-AC4F-7FE436B3461E}
		{93DCE707-053B-4B33-9C38-013AA0B22CCA} = {25F780DC-5E18-4C05-B461-1297D8FC67C9}
		{41A8DAF9-E7A4-4779-A19E-5C8CC6233038} = {E6A9F822-4D35-4C26-AC4F-7FE436B3461E}
		{5EFBF276-AF5F-4DB5-9EDD-D6D30AEC5B49} = {95A177CE-9B4C-4BD9-ACB0-BCFD983D5C5C}
		{8A24EC1F-DAB0-4B98-A10D-9F4418BD6FC9} = {41A8DAF9-E7A4-4779-A19E-5C8CC6233038}
		{AA32605C-9D76-433D-B37C-AB0838898F99} = {25F780DC-5E18-4C05-B461-1297D8FC67C9}
		{14BF8403-2537-415B-9B7C-724C9D4A6001} = {41A8DAF9-E7A4-4779-A19E-5C8CC6233038}
		{31B4BB66-852C-4338-AE54-86C75C65DB99} = {14BF8403-2537-415B-9B7C-724C9D4A6001}
		{91D9D240-E9DA-45C8-9DCA-22BCD2E4E034} = {95A177CE-9B4C-4BD9-ACB0-BCFD983D5C5C}
		{DBBBCA9F-C602-424C-8450-E0DF6B55EEBB} = {25F780DC-5E18-4C05-B461-1297D8FC67C9}
		{9DB1D2A1-1D9D-4D40-BBA0-E3DEF2D4B48A} = {E6A9F822-4D35-4C26-AC4F-7FE436B3461E}
		{D1F19EF0-A257-47D2-9E9A-38330CDE2F9A} = {8A24EC1F-DAB0-4B98-A10D-9F4418BD6FC9}
	EndGlobalSection
	GlobalSection(ExtensibilityGlobals) = postSolution
		SolutionGuid = {8D6F13AA-F219-4728-AF4C-439F10F2009C}
	EndGlobalSection
EndGlobal
